
Microsoft Visual Studio Solution File, Format Version 12.00
# Visual Studio 14
VisualStudioVersion = 14.0.24720.0
MinimumVisualStudioVersion = 10.0.40219.1
Project("{FAE04EC0-301F-11D3-BF4B-00C04F79EFBC}") = "SignUpWcf", "SignUpWcf\SignUpWcf.csproj", "{D3183B39-99AF-41AA-87DF-11190CEB3868}"
EndProject
Project("{FAE04EC0-301F-11D3-BF4B-00C04F79EFBC}") = "SignUpServiceHost", "SignUpServiceHost\SignUpServiceHost.csproj", "{0DFEF552-D2F3-450F-8C31-0F2ACB0165C6}"
EndProject
Global
	GlobalSection(SolutionConfigurationPlatforms) = preSolution
		Debug|Any CPU = Debug|Any CPU
		Release|Any CPU = Release|Any CPU
	EndGlobalSection
	GlobalSection(ProjectConfigurationPlatforms) = postSolution
		{D3183B39-99AF-41AA-87DF-11190CEB3868}.Debug|Any CPU.ActiveCfg = Debug|Any CPU
		{D3183B39-99AF-41AA-87DF-11190CEB3868}.Debug|Any CPU.Build.0 = Debug|Any CPU
		{D3183B39-99AF-41AA-87DF-11190CEB3868}.Release|Any CPU.ActiveCfg = Release|Any CPU
		{D3183B39-99AF-41AA-87DF-11190CEB3868}.Release|Any CPU.Build.0 = Release|Any CPU
		{0DFEF552-D2F3-450F-8C31-0F2ACB0165C6}.Debug|Any CPU.ActiveCfg = Debug|Any CPU
		{0DFEF552-D2F3-450F-8C31-0F2ACB0165C6}.Debug|Any CPU.Build.0 = Debug|Any CPU
		{0DFEF552-D2F3-450F-8C31-0F2ACB0165C6}.Release|Any CPU.ActiveCfg = Release|Any CPU
		{0DFEF552-D2F3-450F-8C31-0F2ACB0165C6}.Release|Any CPU.Build.0 = Release|Any CPU
	EndGlobalSection
	GlobalSection(SolutionProperties) = preSolution
		HideSolutionNode = FALSE
	EndGlobalSection
EndGlobal
