
Microsoft Visual Studio Solution File, Format Version 12.00
# Visual Studio 14
VisualStudioVersion = 14.0.24720.0
MinimumVisualStudioVersion = 10.0.40219.1
Project("{FAE04EC0-301F-11D3-BF4B-00C04F79EFBC}") = "SignInWcf", "SignInWcf\SignInWcf.csproj", "{F6E7216E-08CD-4B18-98C2-1B6E0AE29310}"
EndProject
Project("{FAE04EC0-301F-11D3-BF4B-00C04F79EFBC}") = "SignInServiceHost", "SignInServiceHost\SignInServiceHost.csproj", "{E34E3853-B596-4C8D-9D1F-E1141804494E}"
EndProject
Global
	GlobalSection(SolutionConfigurationPlatforms) = preSolution
		Debug|Any CPU = Debug|Any CPU
		Release|Any CPU = Release|Any CPU
	EndGlobalSection
	GlobalSection(ProjectConfigurationPlatforms) = postSolution
		{F6E7216E-08CD-4B18-98C2-1B6E0AE29310}.Debug|Any CPU.ActiveCfg = Debug|Any CPU
		{F6E7216E-08CD-4B18-98C2-1B6E0AE29310}.Debug|Any CPU.Build.0 = Debug|Any CPU
		{F6E7216E-08CD-4B18-98C2-1B6E0AE29310}.Release|Any CPU.ActiveCfg = Release|Any CPU
		{F6E7216E-08CD-4B18-98C2-1B6E0AE29310}.Release|Any CPU.Build.0 = Release|Any CPU
		{E34E3853-B596-4C8D-9D1F-E1141804494E}.Debug|Any CPU.ActiveCfg = Debug|Any CPU
		{E34E3853-B596-4C8D-9D1F-E1141804494E}.Debug|Any CPU.Build.0 = Debug|Any CPU
		{E34E3853-B596-4C8D-9D1F-E1141804494E}.Release|Any CPU.ActiveCfg = Release|Any CPU
		{E34E3853-B596-4C8D-9D1F-E1141804494E}.Release|Any CPU.Build.0 = Release|Any CPU
	EndGlobalSection
	GlobalSection(SolutionProperties) = preSolution
		HideSolutionNode = FALSE
	EndGlobalSection
EndGlobal
